{
	"name": "@gui/plugin-shadow",
	"version": "0.0.0",
	"lockfileVersion": 1,
	"requires": true,
	"dependencies": {
		"lit-css": {
			"version": "0.1.3",
			"resolved": "https://registry.npmjs.org/lit-css/-/lit-css-0.1.3.tgz",
			"integrity": "sha512-Kk4gpnm5hDi4Scy+4aSAaPcaiSbaG7bJUA4xsDjxiSgAwO8yMDcXwt9syvNAfz/mfwewVXL2DeCVC+MDe5D8Fg=="
		}
	}
}
